
Microsoft Visual Studio Solution File, Format Version 11.00
# Visual Studio 2010
Project("{FAE04EC0-301F-11D3-BF4B-00C04F79EFBC}") = "Assembly-CSharp", "Assembly-CSharp.csproj", "{3c8a41b2-e000-a512-9846-4a13af5e4a92}"
EndProject
Project("{FAE04EC0-301F-11D3-BF4B-00C04F79EFBC}") = "Assembly-CSharp-Editor", "Assembly-CSharp-Editor.csproj", "{fcd7d19b-7878-b95d-0913-aac867feb6d2}"
EndProject
Global
	GlobalSection(SolutionConfigurationPlatforms) = preSolution
		Debug|Any CPU = Debug|Any CPU
		Release|Any CPU = Release|Any CPU
	EndGlobalSection
	GlobalSection(ProjectConfigurationPlatforms) = postSolution
		{3c8a41b2-e000-a512-9846-4a13af5e4a92}.Debug|Any CPU.ActiveCfg = Debug|Any CPU
		{3c8a41b2-e000-a512-9846-4a13af5e4a92}.Debug|Any CPU.Build.0 = Debug|Any CPU
		{3c8a41b2-e000-a512-9846-4a13af5e4a92}.Release|Any CPU.ActiveCfg = Release|Any CPU
		{3c8a41b2-e000-a512-9846-4a13af5e4a92}.Release|Any CPU.Build.0 = Release|Any CPU
		{fcd7d19b-7878-b95d-0913-aac867feb6d2}.Debug|Any CPU.ActiveCfg = Debug|Any CPU
		{fcd7d19b-7878-b95d-0913-aac867feb6d2}.Debug|Any CPU.Build.0 = Debug|Any CPU
		{fcd7d19b-7878-b95d-0913-aac867feb6d2}.Release|Any CPU.ActiveCfg = Release|Any CPU
		{fcd7d19b-7878-b95d-0913-aac867feb6d2}.Release|Any CPU.Build.0 = Release|Any CPU
	EndGlobalSection
	GlobalSection(SolutionProperties) = preSolution
		HideSolutionNode = FALSE
	EndGlobalSection
EndGlobal
